Microsoft Visual Studio Solution File, Format Version 12.00
# Visual Studio 2012
Project("{FAE04EC0-301F-11D3-BF4B-00C04F79EFBC}") = "A Little Green Beetle's Quest", "A Little Green Beetle's Quest.csproj", "{D27CD37A-19D7-4246-AE5F-5B6DDB2E2E16}"
EndProject
Global
	GlobalSection(SolutionConfigurationPlatforms) = preSolution
	Debug|Any CPU = Debug|Any CPU
	ExportDebug|Any CPU = ExportDebug|Any CPU
	ExportRelease|Any CPU = ExportRelease|Any CPU
	EndGlobalSection
	GlobalSection(ProjectConfigurationPlatforms) = postSolution
		{D27CD37A-19D7-4246-AE5F-5B6DDB2E2E16}.Debug|Any CPU.ActiveCfg = Debug|Any CPU
		{D27CD37A-19D7-4246-AE5F-5B6DDB2E2E16}.Debug|Any CPU.Build.0 = Debug|Any CPU
		{D27CD37A-19D7-4246-AE5F-5B6DDB2E2E16}.ExportDebug|Any CPU.ActiveCfg = ExportDebug|Any CPU
		{D27CD37A-19D7-4246-AE5F-5B6DDB2E2E16}.ExportDebug|Any CPU.Build.0 = ExportDebug|Any CPU
		{D27CD37A-19D7-4246-AE5F-5B6DDB2E2E16}.ExportRelease|Any CPU.ActiveCfg = ExportRelease|Any CPU
		{D27CD37A-19D7-4246-AE5F-5B6DDB2E2E16}.ExportRelease|Any CPU.Build.0 = ExportRelease|Any CPU
	EndGlobalSection
EndGlobal
